// !$*UTF8*$!
{
	archiveVersion = 1;
	classes = {
	};
	objectVersion = 56;
	objects = {

/* Begin PBXBuildFile section */
		149EDF4B2B6D50F800E1C300 /* AppDelegate.swift in Sources */ = {isa = PBXBuildFile; fileRef = 149EDF4A2B6D50F800E1C300 /* AppDelegate.swift */; };
		149EDF4D2B6D50F800E1C300 /* SceneDelegate.swift in Sources */ = {isa = PBXBuildFile; fileRef = 149EDF4C2B6D50F800E1C300 /* SceneDelegate.swift */; };
		149EDF4F2B6D50F800E1C300 /* SearchViewController.swift in Sources */ = {isa = PBXBuildFile; fileRef = 149EDF4E2B6D50F800E1C300 /* SearchViewController.swift */; };
		149EDF542B6D50FB00E1C300 /* Assets.xcassets in Resources */ = {isa = PBXBuildFile; fileRef = 149EDF532B6D50FB00E1C300 /* Assets.xcassets */; };
		149EDF572B6D50FB00E1C300 /* LaunchScreen.storyboard in Resources */ = {isa = PBXBuildFile; fileRef = 149EDF552B6D50FB00E1C300 /* LaunchScreen.storyboard */; };
		149EDF5F2B6DFF3500E1C300 /* FavoritesListViewController.swift in Sources */ = {isa = PBXBuildFile; fileRef = 149EDF5E2B6DFF3500E1C300 /* FavoritesListViewController.swift */; };
		149EDF612B71FDE800E1C300 /* GFButton.swift in Sources */ = {isa = PBXBuildFile; fileRef = 149EDF602B71FDE800E1C300 /* GFButton.swift */; };
		149EDF632B72005000E1C300 /* GFTextField.swift in Sources */ = {isa = PBXBuildFile; fileRef = 149EDF622B72005000E1C300 /* GFTextField.swift */; };
		14B8BBA32B796C950096D4A5 /* SearchView.swift in Sources */ = {isa = PBXBuildFile; fileRef = 14B8BBA22B796C950096D4A5 /* SearchView.swift */; };
		14B8BBA52B796E990096D4A5 /* UIView+Extensions.swift in Sources */ = {isa = PBXBuildFile; fileRef = 14B8BBA42B796E990096D4A5 /* UIView+Extensions.swift */; };
		14B8BBA72B7975C90096D4A5 /* FollowersListViewController.swift in Sources */ = {isa = PBXBuildFile; fileRef = 14B8BBA62B7975C90096D4A5 /* FollowersListViewController.swift */; };
		14B8BBA92B7975F00096D4A5 /* FollowersListView.swift in Sources */ = {isa = PBXBuildFile; fileRef = 14B8BBA82B7975F00096D4A5 /* FollowersListView.swift */; };
		14B8BBAB2B7977410096D4A5 /* FollowersListViewModel.swift in Sources */ = {isa = PBXBuildFile; fileRef = 14B8BBAA2B7977410096D4A5 /* FollowersListViewModel.swift */; };
		14B8BBAD2B7A6A500096D4A5 /* GFTitleLabel.swift in Sources */ = {isa = PBXBuildFile; fileRef = 14B8BBAC2B7A6A500096D4A5 /* GFTitleLabel.swift */; };
		14B8BBB12B7A6C140096D4A5 /* GFBodyLabel.swift in Sources */ = {isa = PBXBuildFile; fileRef = 14B8BBB02B7A6C140096D4A5 /* GFBodyLabel.swift */; };
		14B8BBB42B7A6CEA0096D4A5 /* GFAlertViewController.swift in Sources */ = {isa = PBXBuildFile; fileRef = 14B8BBB32B7A6CEA0096D4A5 /* GFAlertViewController.swift */; };
		14B8BBB62B7AF4FE0096D4A5 /* Bindable.swift in Sources */ = {isa = PBXBuildFile; fileRef = 14B8BBB52B7AF4FE0096D4A5 /* Bindable.swift */; };
		14B8BBCD2B7B07AE0096D4A5 /* GFAlertView.swift in Sources */ = {isa = PBXBuildFile; fileRef = 14B8BBCC2B7B07AE0096D4A5 /* GFAlertView.swift */; };
		14B8BBCF2B7B0EEC0096D4A5 /* UIViewController+Extensions.swift in Sources */ = {isa = PBXBuildFile; fileRef = 14B8BBCE2B7B0EEC0096D4A5 /* UIViewController+Extensions.swift */; };
		14B8BBD22B7B0FF10096D4A5 /* GFAlertViewModel.swift in Sources */ = {isa = PBXBuildFile; fileRef = 14B8BBD12B7B0FF10096D4A5 /* GFAlertViewModel.swift */; };
		14B8BBE12B7F19250096D4A5 /* Follower.swift in Sources */ = {isa = PBXBuildFile; fileRef = 14B8BBE02B7F19250096D4A5 /* Follower.swift */; };
		14B8BBE32B7F19D40096D4A5 /* User.swift in Sources */ = {isa = PBXBuildFile; fileRef = 14B8BBE22B7F19D40096D4A5 /* User.swift */; };
		14B8BBE62B7F1D2E0096D4A5 /* NetworkManager.swift in Sources */ = {isa = PBXBuildFile; fileRef = 14B8BBE52B7F1D2E0096D4A5 /* NetworkManager.swift */; };
		14B8BBE82B7F216B0096D4A5 /* SearchViewModel.swift in Sources */ = {isa = PBXBuildFile; fileRef = 14B8BBE72B7F216B0096D4A5 /* SearchViewModel.swift */; };
		14B8BBEA2B8043DD0096D4A5 /* ErrorMessage.swift in Sources */ = {isa = PBXBuildFile; fileRef = 14B8BBE92B8043DD0096D4A5 /* ErrorMessage.swift */; };
/* End PBXBuildFile section */

/* Begin PBXFileReference section */
		149EDF472B6D50F800E1C300 /* GithubFollowers.app */ = {isa = PBXFileReference; explicitFileType = wrapper.application; includeInIndex = 0; path = GithubFollowers.app; sourceTree = BUILT_PRODUCTS_DIR; };
		149EDF4A2B6D50F800E1C300 /* AppDelegate.swift */ = {isa = PBXFileReference; lastKnownFileType = sourcecode.swift; path = AppDelegate.swift; sourceTree = "<group>"; };
		149EDF4C2B6D50F800E1C300 /* SceneDelegate.swift */ = {isa = PBXFileReference; lastKnownFileType = sourcecode.swift; path = SceneDelegate.swift; sourceTree = "<group>"; };
		149EDF4E2B6D50F800E1C300 /* SearchViewController.swift */ = {isa = PBXFileReference; lastKnownFileType = sourcecode.swift; path = SearchViewController.swift; sourceTree = "<group>"; };
		149EDF532B6D50FB00E1C300 /* Assets.xcassets */ = {isa = PBXFileReference; lastKnownFileType = folder.assetcatalog; path = Assets.xcassets; sourceTree = "<group>"; };
		149EDF562B6D50FB00E1C300 /* Base */ = {isa = PBXFileReference; lastKnownFileType = file.storyboard; name = Base; path = Base.lproj/LaunchScreen.storyboard; sourceTree = "<group>"; };
		149EDF582B6D50FB00E1C300 /* Info.plist */ = {isa = PBXFileReference; lastKnownFileType = text.plist.xml; path = Info.plist; sourceTree = "<group>"; };
		149EDF5E2B6DFF3500E1C300 /* FavoritesListViewController.swift */ = {isa = PBXFileReference; lastKnownFileType = sourcecode.swift; path = FavoritesListViewController.swift; sourceTree = "<group>"; };
		149EDF602B71FDE800E1C300 /* GFButton.swift */ = {isa = PBXFileReference; lastKnownFileType = sourcecode.swift; path = GFButton.swift; sourceTree = "<group>"; };
		149EDF622B72005000E1C300 /* GFTextField.swift */ = {isa = PBXFileReference; lastKnownFileType = sourcecode.swift; path = GFTextField.swift; sourceTree = "<group>"; };
		14B8BBA22B796C950096D4A5 /* SearchView.swift */ = {isa = PBXFileReference; lastKnownFileType = sourcecode.swift; path = SearchView.swift; sourceTree = "<group>"; };
		14B8BBA42B796E990096D4A5 /* UIView+Extensions.swift */ = {isa = PBXFileReference; lastKnownFileType = sourcecode.swift; path = "UIView+Extensions.swift"; sourceTree = "<group>"; };
		14B8BBA62B7975C90096D4A5 /* FollowersListViewController.swift */ = {isa = PBXFileReference; lastKnownFileType = sourcecode.swift; path = FollowersListViewController.swift; sourceTree = "<group>"; };
		14B8BBA82B7975F00096D4A5 /* FollowersListView.swift */ = {isa = PBXFileReference; lastKnownFileType = sourcecode.swift; path = FollowersListView.swift; sourceTree = "<group>"; };
		14B8BBAA2B7977410096D4A5 /* FollowersListViewModel.swift */ = {isa = PBXFileReference; lastKnownFileType = sourcecode.swift; path = FollowersListViewModel.swift; sourceTree = "<group>"; };
		14B8BBAC2B7A6A500096D4A5 /* GFTitleLabel.swift */ = {isa = PBXFileReference; lastKnownFileType = sourcecode.swift; path = GFTitleLabel.swift; sourceTree = "<group>"; };
		14B8BBB02B7A6C140096D4A5 /* GFBodyLabel.swift */ = {isa = PBXFileReference; lastKnownFileType = sourcecode.swift; path = GFBodyLabel.swift; sourceTree = "<group>"; };
		14B8BBB32B7A6CEA0096D4A5 /* GFAlertViewController.swift */ = {isa = PBXFileReference; lastKnownFileType = sourcecode.swift; path = GFAlertViewController.swift; sourceTree = "<group>"; };
		14B8BBB52B7AF4FE0096D4A5 /* Bindable.swift */ = {isa = PBXFileReference; lastKnownFileType = sourcecode.swift; path = Bindable.swift; sourceTree = "<group>"; };
		14B8BBCC2B7B07AE0096D4A5 /* GFAlertView.swift */ = {isa = PBXFileReference; lastKnownFileType = sourcecode.swift; path = GFAlertView.swift; sourceTree = "<group>"; };
		14B8BBCE2B7B0EEC0096D4A5 /* UIViewController+Extensions.swift */ = {isa = PBXFileReference; lastKnownFileType = sourcecode.swift; path = "UIViewController+Extensions.swift"; sourceTree = "<group>"; };
		14B8BBD12B7B0FF10096D4A5 /* GFAlertViewModel.swift */ = {isa = PBXFileReference; lastKnownFileType = sourcecode.swift; path = GFAlertViewModel.swift; sourceTree = "<group>"; };
		14B8BBE02B7F19250096D4A5 /* Follower.swift */ = {isa = PBXFileReference; lastKnownFileType = sourcecode.swift; path = Follower.swift; sourceTree = "<group>"; };
		14B8BBE22B7F19D40096D4A5 /* User.swift */ = {isa = PBXFileReference; lastKnownFileType = sourcecode.swift; path = User.swift; sourceTree = "<group>"; };
		14B8BBE52B7F1D2E0096D4A5 /* NetworkManager.swift */ = {isa = PBXFileReference; lastKnownFileType = sourcecode.swift; path = NetworkManager.swift; sourceTree = "<group>"; };
		14B8BBE72B7F216B0096D4A5 /* SearchViewModel.swift */ = {isa = PBXFileReference; lastKnownFileType = sourcecode.swift; path = SearchViewModel.swift; sourceTree = "<group>"; };
		14B8BBE92B8043DD0096D4A5 /* ErrorMessage.swift */ = {isa = PBXFileReference; lastKnownFileType = sourcecode.swift; path = ErrorMessage.swift; sourceTree = "<group>"; };
/* End PBXFileReference section */

/* Begin PBXFrameworksBuildPhase section */
		149EDF442B6D50F800E1C300 /* Frameworks */ = {
			isa = PBXFrameworksBuildPhase;
			buildActionMask = 2147483647;
			files = (
			);
			runOnlyForDeploymentPostprocessing = 0;
		};
/* End PBXFrameworksBuildPhase section */

/* Begin PBXGroup section */
		149EDF3E2B6D50F800E1C300 = {
			isa = PBXGroup;
			children = (
				149EDF492B6D50F800E1C300 /* GithubFollowers */,
				149EDF482B6D50F800E1C300 /* Products */,
			);
			sourceTree = "<group>";
		};
		149EDF482B6D50F800E1C300 /* Products */ = {
			isa = PBXGroup;
			children = (
				149EDF472B6D50F800E1C300 /* GithubFollowers.app */,
			);
			name = Products;
			sourceTree = "<group>";
		};
		149EDF492B6D50F800E1C300 /* GithubFollowers */ = {
			isa = PBXGroup;
			children = (
				14B8BBA12B796C4F0096D4A5 /* Resources */,
				14B8BB9B2B796C060096D4A5 /* Application */,
				14B8BBE42B7F1D1F0096D4A5 /* Managers */,
				14B8BBB22B7A6CD10096D4A5 /* Scenes */,
				14B8BB9F2B796C270096D4A5 /* Model */,
				14B8BBAE2B7A6A5A0096D4A5 /* Custom */,
				14B8BBA02B796C3F0096D4A5 /* Supporting Files */,
				149EDF582B6D50FB00E1C300 /* Info.plist */,
			);
			path = GithubFollowers;
			sourceTree = "<group>";
		};
		14B8BB9B2B796C060096D4A5 /* Application */ = {
			isa = PBXGroup;
			children = (
				149EDF4A2B6D50F800E1C300 /* AppDelegate.swift */,
				149EDF4C2B6D50F800E1C300 /* SceneDelegate.swift */,
			);
			path = Application;
			sourceTree = "<group>";
		};
		14B8BB9F2B796C270096D4A5 /* Model */ = {
			isa = PBXGroup;
			children = (
				14B8BBE02B7F19250096D4A5 /* Follower.swift */,
				14B8BBE22B7F19D40096D4A5 /* User.swift */,
			);
			path = Model;
			sourceTree = "<group>";
		};
		14B8BBA02B796C3F0096D4A5 /* Supporting Files */ = {
			isa = PBXGroup;
			children = (
				14B8BBB52B7AF4FE0096D4A5 /* Bindable.swift */,
				14B8BBA42B796E990096D4A5 /* UIView+Extensions.swift */,
				14B8BBCE2B7B0EEC0096D4A5 /* UIViewController+Extensions.swift */,
				14B8BBE92B8043DD0096D4A5 /* ErrorMessage.swift */,
			);
			path = "Supporting Files";
			sourceTree = "<group>";
		};
		14B8BBA12B796C4F0096D4A5 /* Resources */ = {
			isa = PBXGroup;
			children = (
				149EDF532B6D50FB00E1C300 /* Assets.xcassets */,
				149EDF552B6D50FB00E1C300 /* LaunchScreen.storyboard */,
			);
			path = Resources;
			sourceTree = "<group>";
		};
		14B8BBAE2B7A6A5A0096D4A5 /* Custom */ = {
			isa = PBXGroup;
			children = (
				149EDF602B71FDE800E1C300 /* GFButton.swift */,
				149EDF622B72005000E1C300 /* GFTextField.swift */,
				14B8BBAC2B7A6A500096D4A5 /* GFTitleLabel.swift */,
				14B8BBB02B7A6C140096D4A5 /* GFBodyLabel.swift */,
			);
			path = Custom;
			sourceTree = "<group>";
		};
		14B8BBB22B7A6CD10096D4A5 /* Scenes */ = {
			isa = PBXGroup;
			children = (
				14B8BBBB2B7B06700096D4A5 /* Search */,
				14B8BBC42B7B06D80096D4A5 /* Followers */,
				14B8BBBF2B7B06AF0096D4A5 /* Favorites */,
				14B8BBC82B7B07680096D4A5 /* Others */,
			);
			path = Scenes;
			sourceTree = "<group>";
		};
		14B8BBBB2B7B06700096D4A5 /* Search */ = {
			isa = PBXGroup;
			children = (
				14B8BBBC2B7B06820096D4A5 /* Controllers */,
				14B8BBBE2B7B06940096D4A5 /* View */,
				14B8BBBD2B7B068D0096D4A5 /* ViewModel */,
			);
			path = Search;
			sourceTree = "<group>";
		};
		14B8BBBC2B7B06820096D4A5 /* Controllers */ = {
			isa = PBXGroup;
			children = (
				149EDF4E2B6D50F800E1C300 /* SearchViewController.swift */,
			);
			path = Controllers;
			sourceTree = "<group>";
		};
		14B8BBBD2B7B068D0096D4A5 /* ViewModel */ = {
			isa = PBXGroup;
			children = (
				14B8BBE72B7F216B0096D4A5 /* SearchViewModel.swift */,
			);
			path = ViewModel;
			sourceTree = "<group>";
		};
		14B8BBBE2B7B06940096D4A5 /* View */ = {
			isa = PBXGroup;
			children = (
				14B8BBA22B796C950096D4A5 /* SearchView.swift */,
			);
			path = View;
			sourceTree = "<group>";
		};
		14B8BBBF2B7B06AF0096D4A5 /* Favorites */ = {
			isa = PBXGroup;
			children = (
				14B8BBC12B7B06BE0096D4A5 /* Controllers */,
				14B8BBC32B7B06CB0096D4A5 /* View */,
				14B8BBC22B7B06C60096D4A5 /* ViewModel */,
			);
			path = Favorites;
			sourceTree = "<group>";
		};
		14B8BBC12B7B06BE0096D4A5 /* Controllers */ = {
			isa = PBXGroup;
			children = (
				149EDF5E2B6DFF3500E1C300 /* FavoritesListViewController.swift */,
			);
			path = Controllers;
			sourceTree = "<group>";
		};
		14B8BBC22B7B06C60096D4A5 /* ViewModel */ = {
			isa = PBXGroup;
			children = (
			);
			path = ViewModel;
			sourceTree = "<group>";
		};
		14B8BBC32B7B06CB0096D4A5 /* View */ = {
			isa = PBXGroup;
			children = (
			);
			path = View;
			sourceTree = "<group>";
		};
		14B8BBC42B7B06D80096D4A5 /* Followers */ = {
			isa = PBXGroup;
			children = (
				14B8BBC52B7B06DF0096D4A5 /* Controllers */,
				14B8BBC72B7B06F00096D4A5 /* View */,
				14B8BBC62B7B06EB0096D4A5 /* ViewModel */,
			);
			name = Followers;
			path = Followers/Followers;
			sourceTree = "<group>";
		};
		14B8BBC52B7B06DF0096D4A5 /* Controllers */ = {
			isa = PBXGroup;
			children = (
				14B8BBA62B7975C90096D4A5 /* FollowersListViewController.swift */,
			);
			path = Controllers;
			sourceTree = "<group>";
		};
		14B8BBC62B7B06EB0096D4A5 /* ViewModel */ = {
			isa = PBXGroup;
			children = (
				14B8BBAA2B7977410096D4A5 /* FollowersListViewModel.swift */,
			);
			path = ViewModel;
			sourceTree = "<group>";
		};
		14B8BBC72B7B06F00096D4A5 /* View */ = {
			isa = PBXGroup;
			children = (
				14B8BBA82B7975F00096D4A5 /* FollowersListView.swift */,
			);
			path = View;
			sourceTree = "<group>";
		};
		14B8BBC82B7B07680096D4A5 /* Others */ = {
			isa = PBXGroup;
			children = (
				14B8BBC92B7B07710096D4A5 /* Alert */,
			);
			path = Others;
			sourceTree = "<group>";
		};
		14B8BBC92B7B07710096D4A5 /* Alert */ = {
			isa = PBXGroup;
			children = (
				14B8BBCA2B7B078A0096D4A5 /* Controllers */,
				14B8BBCB2B7B07910096D4A5 /* View */,
				14B8BBD02B7B0FE20096D4A5 /* ViewModel */,
			);
			path = Alert;
			sourceTree = "<group>";
		};
		14B8BBCA2B7B078A0096D4A5 /* Controllers */ = {
			isa = PBXGroup;
			children = (
				14B8BBB32B7A6CEA0096D4A5 /* GFAlertViewController.swift */,
			);
			path = Controllers;
			sourceTree = "<group>";
		};
		14B8BBCB2B7B07910096D4A5 /* View */ = {
			isa = PBXGroup;
			children = (
				14B8BBCC2B7B07AE0096D4A5 /* GFAlertView.swift */,
			);
			path = View;
			sourceTree = "<group>";
		};
		14B8BBD02B7B0FE20096D4A5 /* ViewModel */ = {
			isa = PBXGroup;
			children = (
				14B8BBD12B7B0FF10096D4A5 /* GFAlertViewModel.swift */,
			);
			path = ViewModel;
			sourceTree = "<group>";
		};
		14B8BBE42B7F1D1F0096D4A5 /* Managers */ = {
			isa = PBXGroup;
			children = (
				14B8BBE52B7F1D2E0096D4A5 /* NetworkManager.swift */,
			);
			path = Managers;
			sourceTree = "<group>";
		};
/* End PBXGroup section */

/* Begin PBXNativeTarget section */
		149EDF462B6D50F800E1C300 /* GithubFollowers */ = {
			isa = PBXNativeTarget;
			buildConfigurationList = 149EDF5B2B6D50FB00E1C300 /* Build configuration list for PBXNativeTarget "GithubFollowers" */;
			buildPhases = (
				149EDF432B6D50F800E1C300 /* Sources */,
				149EDF442B6D50F800E1C300 /* Frameworks */,
				149EDF452B6D50F800E1C300 /* Resources */,
			);
			buildRules = (
			);
			dependencies = (
			);
			name = GithubFollowers;
			productName = GithubFollowers;
			productReference = 149EDF472B6D50F800E1C300 /* GithubFollowers.app */;
			productType = "com.apple.product-type.application";
		};
/* End PBXNativeTarget section */

/* Begin PBXProject section */
		149EDF3F2B6D50F800E1C300 /* Project object */ = {
			isa = PBXProject;
			attributes = {
				BuildIndependentTargetsInParallel = 1;
				LastSwiftUpdateCheck = 1520;
				LastUpgradeCheck = 1520;
				TargetAttributes = {
					149EDF462B6D50F800E1C300 = {
						CreatedOnToolsVersion = 15.2;
					};
				};
			};
			buildConfigurationList = 149EDF422B6D50F800E1C300 /* Build configuration list for PBXProject "GithubFollowers" */;
			compatibilityVersion = "Xcode 14.0";
			developmentRegion = en;
			hasScannedForEncodings = 0;
			knownRegions = (
				en,
				Base,
			);
			mainGroup = 149EDF3E2B6D50F800E1C300;
			productRefGroup = 149EDF482B6D50F800E1C300 /* Products */;
			projectDirPath = "";
			projectRoot = "";
			targets = (
				149EDF462B6D50F800E1C300 /* GithubFollowers */,
			);
		};
/* End PBXProject section */

/* Begin PBXResourcesBuildPhase section */
		149EDF452B6D50F800E1C300 /* Resources */ = {
			isa = PBXResourcesBuildPhase;
			buildActionMask = 2147483647;
			files = (
				149EDF572B6D50FB00E1C300 /* LaunchScreen.storyboard in Resources */,
				149EDF542B6D50FB00E1C300 /* Assets.xcassets in Resources */,
			);
			runOnlyForDeploymentPostprocessing = 0;
		};
/* End PBXResourcesBuildPhase section */

/* Begin PBXSourcesBuildPhase section */
		149EDF432B6D50F800E1C300 /* Sources */ = {
			isa = PBXSourcesBuildPhase;
			buildActionMask = 2147483647;
			files = (
				14B8BBE82B7F216B0096D4A5 /* SearchViewModel.swift in Sources */,
				14B8BBE12B7F19250096D4A5 /* Follower.swift in Sources */,
				14B8BBD22B7B0FF10096D4A5 /* GFAlertViewModel.swift in Sources */,
				14B8BBB12B7A6C140096D4A5 /* GFBodyLabel.swift in Sources */,
				14B8BBE62B7F1D2E0096D4A5 /* NetworkManager.swift in Sources */,
				14B8BBAD2B7A6A500096D4A5 /* GFTitleLabel.swift in Sources */,
				14B8BBAB2B7977410096D4A5 /* FollowersListViewModel.swift in Sources */,
				149EDF632B72005000E1C300 /* GFTextField.swift in Sources */,
				14B8BBA72B7975C90096D4A5 /* FollowersListViewController.swift in Sources */,
				14B8BBCF2B7B0EEC0096D4A5 /* UIViewController+Extensions.swift in Sources */,
				14B8BBEA2B8043DD0096D4A5 /* ErrorMessage.swift in Sources */,
				14B8BBE32B7F19D40096D4A5 /* User.swift in Sources */,
				14B8BBB62B7AF4FE0096D4A5 /* Bindable.swift in Sources */,
				149EDF4F2B6D50F800E1C300 /* SearchViewController.swift in Sources */,
				149EDF612B71FDE800E1C300 /* GFButton.swift in Sources */,
				14B8BBA32B796C950096D4A5 /* SearchView.swift in Sources */,
				149EDF4B2B6D50F800E1C300 /* AppDelegate.swift in Sources */,
				14B8BBA92B7975F00096D4A5 /* FollowersListView.swift in Sources */,
				149EDF5F2B6DFF3500E1C300 /* FavoritesListViewController.swift in Sources */,
				14B8BBCD2B7B07AE0096D4A5 /* GFAlertView.swift in Sources */,
				14B8BBA52B796E990096D4A5 /* UIView+Extensions.swift in Sources */,
				149EDF4D2B6D50F800E1C300 /* SceneDelegate.swift in Sources */,
				14B8BBB42B7A6CEA0096D4A5 /* GFAlertViewController.swift in Sources */,
			);
			runOnlyForDeploymentPostprocessing = 0;
		};
/* End PBXSourcesBuildPhase section */

/* Begin PBXVariantGroup section */
		149EDF552B6D50FB00E1C300 /* LaunchScreen.storyboard */ = {
			isa = PBXVariantGroup;
			children = (
				149EDF562B6D50FB00E1C300 /* Base */,
			);
			name = LaunchScreen.storyboard;
			sourceTree = "<group>";
		};
/* End PBXVariantGroup section */

/* Begin XCBuildConfiguration section */
		149EDF592B6D50FB00E1C300 /* Debug */ = {
			isa = XCBuildConfiguration;
			buildSettings = {
				ALWAYS_SEARCH_USER_PATHS = NO;
				ASSETCATALOG_COMPILER_GENERATE_SWIFT_ASSET_SYMBOL_EXTENSIONS = YES;
				CLANG_ANALYZER_NONNULL = YES;
				CLANG_ANALYZER_NUMBER_OBJECT_CONVERSION = YES_AGGRESSIVE;
				CLANG_CXX_LANGUAGE_STANDARD = "gnu++20";
				CLANG_ENABLE_MODULES = YES;
				CLANG_ENABLE_OBJC_ARC = YES;
				CLANG_ENABLE_OBJC_WEAK = YES;
				CLANG_WARN_BLOCK_CAPTURE_AUTORELEASING = YES;
				CLANG_WARN_BOOL_CONVERSION = YES;
				CLANG_WARN_COMMA = YES;
				CLANG_WARN_CONSTANT_CONVERSION = YES;
				CLANG_WARN_DEPRECATED_OBJC_IMPLEMENTATIONS = YES;
				CLANG_WARN_DIRECT_OBJC_ISA_USAGE = YES_ERROR;
				CLANG_WARN_DOCUMENTATION_COMMENTS = YES;
				CLANG_WARN_EMPTY_BODY = YES;
				CLANG_WARN_ENUM_CONVERSION = YES;
				CLANG_WARN_INFINITE_RECURSION = YES;
				CLANG_WARN_INT_CONVERSION = YES;
				CLANG_WARN_NON_LITERAL_NULL_CONVERSION = YES;
				CLANG_WARN_OBJC_IMPLICIT_RETAIN_SELF = YES;
				CLANG_WARN_OBJC_LITERAL_CONVERSION = YES;
				CLANG_WARN_OBJC_ROOT_CLASS = YES_ERROR;
				CLANG_WARN_QUOTED_INCLUDE_IN_FRAMEWORK_HEADER = YES;
				CLANG_WARN_RANGE_LOOP_ANALYSIS = YES;
				CLANG_WARN_STRICT_PROTOTYPES = YES;
				CLANG_WARN_SUSPICIOUS_MOVE = YES;
				CLANG_WARN_UNGUARDED_AVAILABILITY = YES_AGGRESSIVE;
				CLANG_WARN_UNREACHABLE_CODE = YES;
				CLANG_WARN__DUPLICATE_METHOD_MATCH = YES;
				COPY_PHASE_STRIP = NO;
				DEBUG_INFORMATION_FORMAT = dwarf;
				ENABLE_STRICT_OBJC_MSGSEND = YES;
				ENABLE_TESTABILITY = YES;
				ENABLE_USER_SCRIPT_SANDBOXING = YES;
				GCC_C_LANGUAGE_STANDARD = gnu17;
				GCC_DYNAMIC_NO_PIC = NO;
				GCC_NO_COMMON_BLOCKS = YES;
				GCC_OPTIMIZATION_LEVEL = 0;
				GCC_PREPROCESSOR_DEFINITIONS = (
					"DEBUG=1",
					"$(inherited)",
				);
				GCC_WARN_64_TO_32_BIT_CONVERSION = YES;
				GCC_WARN_ABOUT_RETURN_TYPE = YES_ERROR;
				GCC_WARN_UNDECLARED_SELECTOR = YES;
				GCC_WARN_UNINITIALIZED_AUTOS = YES_AGGRESSIVE;
				GCC_WARN_UNUSED_FUNCTION = YES;
				GCC_WARN_UNUSED_VARIABLE = YES;
				IPHONEOS_DEPLOYMENT_TARGET = 17.2;
				LOCALIZATION_PREFERS_STRING_CATALOGS = YES;
				MTL_ENABLE_DEBUG_INFO = INCLUDE_SOURCE;
				MTL_FAST_MATH = YES;
				ONLY_ACTIVE_ARCH = YES;
				SDKROOT = iphoneos;
				SWIFT_ACTIVE_COMPILATION_CONDITIONS = "DEBUG $(inherited)";
				SWIFT_OPTIMIZATION_LEVEL = "-Onone";
			};
			name = Debug;
		};
		149EDF5A2B6D50FB00E1C300 /* Release */ = {
			isa = XCBuildConfiguration;
			buildSettings = {
				ALWAYS_SEARCH_USER_PATHS = NO;
				ASSETCATALOG_COMPILER_GENERATE_SWIFT_ASSET_SYMBOL_EXTENSIONS = YES;
				CLANG_ANALYZER_NONNULL = YES;
				CLANG_ANALYZER_NUMBER_OBJECT_CONVERSION = YES_AGGRESSIVE;
				CLANG_CXX_LANGUAGE_STANDARD = "gnu++20";
				CLANG_ENABLE_MODULES = YES;
				CLANG_ENABLE_OBJC_ARC = YES;
				CLANG_ENABLE_OBJC_WEAK = YES;
				CLANG_WARN_BLOCK_CAPTURE_AUTORELEASING = YES;
				CLANG_WARN_BOOL_CONVERSION = YES;
				CLANG_WARN_COMMA = YES;
				CLANG_WARN_CONSTANT_CONVERSION = YES;
				CLANG_WARN_DEPRECATED_OBJC_IMPLEMENTATIONS = YES;
				CLANG_WARN_DIRECT_OBJC_ISA_USAGE = YES_ERROR;
				CLANG_WARN_DOCUMENTATION_COMMENTS = YES;
				CLANG_WARN_EMPTY_BODY = YES;
				CLANG_WARN_ENUM_CONVERSION = YES;
				CLANG_WARN_INFINITE_RECURSION = YES;
				CLANG_WARN_INT_CONVERSION = YES;
				CLANG_WARN_NON_LITERAL_NULL_CONVERSION = YES;
				CLANG_WARN_OBJC_IMPLICIT_RETAIN_SELF = YES;
				CLANG_WARN_OBJC_LITERAL_CONVERSION = YES;
				CLANG_WARN_OBJC_ROOT_CLASS = YES_ERROR;
				CLANG_WARN_QUOTED_INCLUDE_IN_FRAMEWORK_HEADER = YES;
				CLANG_WARN_RANGE_LOOP_ANALYSIS = YES;
				CLANG_WARN_STRICT_PROTOTYPES = YES;
				CLANG_WARN_SUSPICIOUS_MOVE = YES;
				CLANG_WARN_UNGUARDED_AVAILABILITY = YES_AGGRESSIVE;
				CLANG_WARN_UNREACHABLE_CODE = YES;
				CLANG_WARN__DUPLICATE_METHOD_MATCH = YES;
				COPY_PHASE_STRIP = NO;
				DEBUG_INFORMATION_FORMAT = "dwarf-with-dsym";
				ENABLE_NS_ASSERTIONS = NO;
				ENABLE_STRICT_OBJC_MSGSEND = YES;
				ENABLE_USER_SCRIPT_SANDBOXING = YES;
				GCC_C_LANGUAGE_STANDARD = gnu17;
				GCC_NO_COMMON_BLOCKS = YES;
				GCC_WARN_64_TO_32_BIT_CONVERSION = YES;
				GCC_WARN_ABOUT_RETURN_TYPE = YES_ERROR;
				GCC_WARN_UNDECLARED_SELECTOR = YES;
				GCC_WARN_UNINITIALIZED_AUTOS = YES_AGGRESSIVE;
				GCC_WARN_UNUSED_FUNCTION = YES;
				GCC_WARN_UNUSED_VARIABLE = YES;
				IPHONEOS_DEPLOYMENT_TARGET = 17.2;
				LOCALIZATION_PREFERS_STRING_CATALOGS = YES;
				MTL_ENABLE_DEBUG_INFO = NO;
				MTL_FAST_MATH = YES;
				SDKROOT = iphoneos;
				SWIFT_COMPILATION_MODE = wholemodule;
				VALIDATE_PRODUCT = YES;
			};
			name = Release;
		};
		149EDF5C2B6D50FB00E1C300 /* Debug */ = {
			isa = XCBuildConfiguration;
			buildSettings = {
				ASSETCATALOG_COMPILER_APPICON_NAME = AppIcon;
				ASSETCATALOG_COMPILER_GLOBAL_ACCENT_COLOR_NAME = AccentColor;
				CODE_SIGN_STYLE = Automatic;
				CURRENT_PROJECT_VERSION = 1;
				DEVELOPMENT_TEAM = KTUAP2Z2QF;
				GENERATE_INFOPLIST_FILE = YES;
				INFOPLIST_FILE = GithubFollowers/Info.plist;
				INFOPLIST_KEY_UIApplicationSupportsIndirectInputEvents = YES;
				INFOPLIST_KEY_UILaunchStoryboardName = LaunchScreen;
				INFOPLIST_KEY_UISupportedInterfaceOrientations = UIInterfaceOrientationPortrait;
				LD_RUNPATH_SEARCH_PATHS = (
					"$(inherited)",
					"@executable_path/Frameworks",
				);
				MARKETING_VERSION = 1.0;
				PRODUCT_BUNDLE_IDENTIFIER = com.njdevelopment.GithubFollowers;
				PRODUCT_NAME = "$(TARGET_NAME)";
				SWIFT_EMIT_LOC_STRINGS = YES;
				SWIFT_VERSION = 5.0;
				TARGETED_DEVICE_FAMILY = "1,2";
			};
			name = Debug;
		};
		149EDF5D2B6D50FB00E1C300 /* Release */ = {
			isa = XCBuildConfiguration;
			buildSettings = {
				ASSETCATALOG_COMPILER_APPICON_NAME = AppIcon;
				ASSETCATALOG_COMPILER_GLOBAL_ACCENT_COLOR_NAME = AccentColor;
				CODE_SIGN_STYLE = Automatic;
				CURRENT_PROJECT_VERSION = 1;
				DEVELOPMENT_TEAM = KTUAP2Z2QF;
				GENERATE_INFOPLIST_FILE = YES;
				INFOPLIST_FILE = GithubFollowers/Info.plist;
				INFOPLIST_KEY_UIApplicationSupportsIndirectInputEvents = YES;
				INFOPLIST_KEY_UILaunchStoryboardName = LaunchScreen;
				INFOPLIST_KEY_UISupportedInterfaceOrientations = UIInterfaceOrientationPortrait;
				LD_RUNPATH_SEARCH_PATHS = (
					"$(inherited)",
					"@executable_path/Frameworks",
				);
				MARKETING_VERSION = 1.0;
				PRODUCT_BUNDLE_IDENTIFIER = com.njdevelopment.GithubFollowers;
				PRODUCT_NAME = "$(TARGET_NAME)";
				SWIFT_EMIT_LOC_STRINGS = YES;
				SWIFT_VERSION = 5.0;
				TARGETED_DEVICE_FAMILY = "1,2";
			};
			name = Release;
		};
/* End XCBuildConfiguration section */

/* Begin XCConfigurationList section */
		149EDF422B6D50F800E1C300 /* Build configuration list for PBXProject "GithubFollowers" */ = {
			isa = XCConfigurationList;
			buildConfigurations = (
				149EDF592B6D50FB00E1C300 /* Debug */,
				149EDF5A2B6D50FB00E1C300 /* Release */,
			);
			defaultConfigurationIsVisible = 0;
			defaultConfigurationName = Release;
		};
		149EDF5B2B6D50FB00E1C300 /* Build configuration list for PBXNativeTarget "GithubFollowers" */ = {
			isa = XCConfigurationList;
			buildConfigurations = (
				149EDF5C2B6D50FB00E1C300 /* Debug */,
				149EDF5D2B6D50FB00E1C300 /* Release */,
			);
			defaultConfigurationIsVisible = 0;
			defaultConfigurationName = Release;
		};
/* End XCConfigurationList section */
	};
	rootObject = 149EDF3F2B6D50F800E1C300 /* Project object */;
}
